// !$*UTF8*$!
{
	archiveVersion = 1;
	classes = {
	};
	objectVersion = 55;
	objects = {

/* Begin PBXBuildFile section */
		A0523AF72803E5C10003134D /* DetailsInfoViewController.swift in Sources */ = {isa = PBXBuildFile; fileRef = A0523AF42803E5C10003134D /* DetailsInfoViewController.swift */; };
		A0523AFB2804436C0003134D /* DetailPhotoCell.swift in Sources */ = {isa = PBXBuildFile; fileRef = A0523AFA2804436C0003134D /* DetailPhotoCell.swift */; };
		A0862D74280446BA00C43297 /* DetailsPhotoViewController.swift in Sources */ = {isa = PBXBuildFile; fileRef = A0862D73280446BA00C43297 /* DetailsPhotoViewController.swift */; };
		A0862D762804569B00C43297 /* StackViewController.swift in Sources */ = {isa = PBXBuildFile; fileRef = A0862D752804569B00C43297 /* StackViewController.swift */; };
		A0D029F628046D4C00532309 /* TabBarPhotoController.swift in Sources */ = {isa = PBXBuildFile; fileRef = A0D029F528046D4C00532309 /* TabBarPhotoController.swift */; };
		A0D029F82804779F00532309 /* TabBarGalleryController.swift in Sources */ = {isa = PBXBuildFile; fileRef = A0D029F72804779F00532309 /* TabBarGalleryController.swift */; };
		FA311DC427FDE32A002CA5A7 /* CategorizeCityViewController.swift in Sources */ = {isa = PBXBuildFile; fileRef = FA311DC327FDE32A002CA5A7 /* CategorizeCityViewController.swift */; };
		FACD88EB27FBF57D001D84EB /* TripCell.swift in Sources */ = {isa = PBXBuildFile; fileRef = FACD88EA27FBF57D001D84EB /* TripCell.swift */; };
		FACD88ED27FC02F1001D84EB /* ExploreCell.swift in Sources */ = {isa = PBXBuildFile; fileRef = FACD88EC27FC02F1001D84EB /* ExploreCell.swift */; };
		FAF16E0127F53C5E00D3842F /* AppDelegate.swift in Sources */ = {isa = PBXBuildFile; fileRef = FAF16E0027F53C5E00D3842F /* AppDelegate.swift */; };
		FAF16E0327F53C5E00D3842F /* SceneDelegate.swift in Sources */ = {isa = PBXBuildFile; fileRef = FAF16E0227F53C5E00D3842F /* SceneDelegate.swift */; };
		FAF16E0527F53C5E00D3842F /* ViewController.swift in Sources */ = {isa = PBXBuildFile; fileRef = FAF16E0427F53C5E00D3842F /* ViewController.swift */; };
		FAF16E0827F53C5E00D3842F /* Main.storyboard in Resources */ = {isa = PBXBuildFile; fileRef = FAF16E0627F53C5E00D3842F /* Main.storyboard */; };
		FAF16E0B27F53C5E00D3842F /* mc1project.xcdatamodeld in Sources */ = {isa = PBXBuildFile; fileRef = FAF16E0927F53C5E00D3842F /* mc1project.xcdatamodeld */; };
		FAF16E0D27F53C6000D3842F /* Assets.xcassets in Resources */ = {isa = PBXBuildFile; fileRef = FAF16E0C27F53C6000D3842F /* Assets.xcassets */; };
		FAF16E1027F53C6000D3842F /* LaunchScreen.storyboard in Resources */ = {isa = PBXBuildFile; fileRef = FAF16E0E27F53C6000D3842F /* LaunchScreen.storyboard */; };
		FAF16E1B27F53C6000D3842F /* mc1projectTests.swift in Sources */ = {isa = PBXBuildFile; fileRef = FAF16E1A27F53C6000D3842F /* mc1projectTests.swift */; };
		FAF16E2527F53C6000D3842F /* mc1projectUITests.swift in Sources */ = {isa = PBXBuildFile; fileRef = FAF16E2427F53C6000D3842F /* mc1projectUITests.swift */; };
		FAF16E2727F53C6000D3842F /* mc1projectUITestsLaunchTests.swift in Sources */ = {isa = PBXBuildFile; fileRef = FAF16E2627F53C6000D3842F /* mc1projectUITestsLaunchTests.swift */; };
		FAF7CE7827FC7DB9004920B1 /* DetailsInfoSwipeViewController.swift in Sources */ = {isa = PBXBuildFile; fileRef = FAF7CE7727FC7DB9004920B1 /* DetailsInfoSwipeViewController.swift */; };
		FAF7CE7D27FC8081004920B1 /* ListCell.swift in Sources */ = {isa = PBXBuildFile; fileRef = FAF7CE7C27FC8081004920B1 /* ListCell.swift */; };
		FAF7CE8127FC889D004920B1 /* CardViewController.xib in Resources */ = {isa = PBXBuildFile; fileRef = FAF7CE8027FC889D004920B1 /* CardViewController.xib */; };
		FAF7CE8327FC8B56004920B1 /* CardViewController.swift in Sources */ = {isa = PBXBuildFile; fileRef = FAF7CE8227FC8B56004920B1 /* CardViewController.swift */; };
/* End PBXBuildFile section */

/* Begin PBXContainerItemProxy section */
		FAF16E1727F53C6000D3842F /* PBXContainerItemProxy */ = {
			isa = PBXContainerItemProxy;
			containerPortal = FAF16DF527F53C5E00D3842F /* Project object */;
			proxyType = 1;
			remoteGlobalIDString = FAF16DFC27F53C5E00D3842F;
			remoteInfo = mc1project;
		};
		FAF16E2127F53C6000D3842F /* PBXContainerItemProxy */ = {
			isa = PBXContainerItemProxy;
			containerPortal = FAF16DF527F53C5E00D3842F /* Project object */;
			proxyType = 1;
			remoteGlobalIDString = FAF16DFC27F53C5E00D3842F;
			remoteInfo = mc1project;
		};
/* End PBXContainerItemProxy section */

/* Begin PBXFileReference section */
		A0523AF42803E5C10003134D /* DetailsInfoViewController.swift */ = {isa = PBXFileReference; fileEncoding = 4; lastKnownFileType = sourcecode.swift; path = DetailsInfoViewController.swift; sourceTree = "<group>"; };
		A0523AFA2804436C0003134D /* DetailPhotoCell.swift */ = {isa = PBXFileReference; lastKnownFileType = sourcecode.swift; path = DetailPhotoCell.swift; sourceTree = "<group>"; };
		A0862D73280446BA00C43297 /* DetailsPhotoViewController.swift */ = {isa = PBXFileReference; lastKnownFileType = sourcecode.swift; path = DetailsPhotoViewController.swift; sourceTree = "<group>"; };
		A0862D752804569B00C43297 /* StackViewController.swift */ = {isa = PBXFileReference; lastKnownFileType = sourcecode.swift; path = StackViewController.swift; sourceTree = "<group>"; };
		A0D029F528046D4C00532309 /* TabBarPhotoController.swift */ = {isa = PBXFileReference; lastKnownFileType = sourcecode.swift; path = TabBarPhotoController.swift; sourceTree = "<group>"; };
		A0D029F72804779F00532309 /* TabBarGalleryController.swift */ = {isa = PBXFileReference; lastKnownFileType = sourcecode.swift; path = TabBarGalleryController.swift; sourceTree = "<group>"; };
		FA311DC327FDE32A002CA5A7 /* CategorizeCityViewController.swift */ = {isa = PBXFileReference; lastKnownFileType = sourcecode.swift; path = CategorizeCityViewController.swift; sourceTree = "<group>"; };
		FACD88EA27FBF57D001D84EB /* TripCell.swift */ = {isa = PBXFileReference; lastKnownFileType = sourcecode.swift; path = TripCell.swift; sourceTree = "<group>"; };
		FACD88EC27FC02F1001D84EB /* ExploreCell.swift */ = {isa = PBXFileReference; lastKnownFileType = sourcecode.swift; path = ExploreCell.swift; sourceTree = "<group>"; };
		FAF16DFD27F53C5E00D3842F /* mc1project.app */ = {isa = PBXFileReference; explicitFileType = wrapper.application; includeInIndex = 0; path = mc1project.app; sourceTree = BUILT_PRODUCTS_DIR; };
		FAF16E0027F53C5E00D3842F /* AppDelegate.swift */ = {isa = PBXFileReference; lastKnownFileType = sourcecode.swift; path = AppDelegate.swift; sourceTree = "<group>"; };
		FAF16E0227F53C5E00D3842F /* SceneDelegate.swift */ = {isa = PBXFileReference; lastKnownFileType = sourcecode.swift; path = SceneDelegate.swift; sourceTree = "<group>"; };
		FAF16E0427F53C5E00D3842F /* ViewController.swift */ = {isa = PBXFileReference; lastKnownFileType = sourcecode.swift; path = ViewController.swift; sourceTree = "<group>"; };
		FAF16E0727F53C5E00D3842F /* Base */ = {isa = PBXFileReference; lastKnownFileType = file.storyboard; name = Base; path = Base.lproj/Main.storyboard; sourceTree = "<group>"; };
		FAF16E0A27F53C5E00D3842F /* mc1project.xcdatamodel */ = {isa = PBXFileReference; lastKnownFileType = wrapper.xcdatamodel; path = mc1project.xcdatamodel; sourceTree = "<group>"; };
		FAF16E0C27F53C6000D3842F /* Assets.xcassets */ = {isa = PBXFileReference; lastKnownFileType = folder.assetcatalog; path = Assets.xcassets; sourceTree = "<group>"; };
		FAF16E0F27F53C6000D3842F /* Base */ = {isa = PBXFileReference; lastKnownFileType = file.storyboard; name = Base; path = Base.lproj/LaunchScreen.storyboard; sourceTree = "<group>"; };
		FAF16E1127F53C6000D3842F /* Info.plist */ = {isa = PBXFileReference; lastKnownFileType = text.plist.xml; path = Info.plist; sourceTree = "<group>"; };
		FAF16E1627F53C6000D3842F /* mc1projectTests.xctest */ = {isa = PBXFileReference; explicitFileType = wrapper.cfbundle; includeInIndex = 0; path = mc1projectTests.xctest; sourceTree = BUILT_PRODUCTS_DIR; };
		FAF16E1A27F53C6000D3842F /* mc1projectTests.swift */ = {isa = PBXFileReference; lastKnownFileType = sourcecode.swift; path = mc1projectTests.swift; sourceTree = "<group>"; };
		FAF16E2027F53C6000D3842F /* mc1projectUITests.xctest */ = {isa = PBXFileReference; explicitFileType = wrapper.cfbundle; includeInIndex = 0; path = mc1projectUITests.xctest; sourceTree = BUILT_PRODUCTS_DIR; };
		FAF16E2427F53C6000D3842F /* mc1projectUITests.swift */ = {isa = PBXFileReference; lastKnownFileType = sourcecode.swift; path = mc1projectUITests.swift; sourceTree = "<group>"; };
		FAF16E2627F53C6000D3842F /* mc1projectUITestsLaunchTests.swift */ = {isa = PBXFileReference; lastKnownFileType = sourcecode.swift; path = mc1projectUITestsLaunchTests.swift; sourceTree = "<group>"; };
		FAF7CE7727FC7DB9004920B1 /* DetailsInfoSwipeViewController.swift */ = {isa = PBXFileReference; lastKnownFileType = sourcecode.swift; path = DetailsInfoSwipeViewController.swift; sourceTree = "<group>"; };
		FAF7CE7C27FC8081004920B1 /* ListCell.swift */ = {isa = PBXFileReference; lastKnownFileType = sourcecode.swift; path = ListCell.swift; sourceTree = "<group>"; };
		FAF7CE8027FC889D004920B1 /* CardViewController.xib */ = {isa = PBXFileReference; lastKnownFileType = file.xib; path = CardViewController.xib; sourceTree = "<group>"; };
		FAF7CE8227FC8B56004920B1 /* CardViewController.swift */ = {isa = PBXFileReference; lastKnownFileType = sourcecode.swift; path = CardViewController.swift; sourceTree = "<group>"; };
/* End PBXFileReference section */

/* Begin PBXFrameworksBuildPhase section */
		FAF16DFA27F53C5E00D3842F /* Frameworks */ = {
			isa = PBXFrameworksBuildPhase;
			buildActionMask = 2147483647;
			files = (
			);
			runOnlyForDeploymentPostprocessing = 0;
		};
		FAF16E1327F53C6000D3842F /* Frameworks */ = {
			isa = PBXFrameworksBuildPhase;
			buildActionMask = 2147483647;
			files = (
			);
			runOnlyForDeploymentPostprocessing = 0;
		};
		FAF16E1D27F53C6000D3842F /* Frameworks */ = {
			isa = PBXFrameworksBuildPhase;
			buildActionMask = 2147483647;
			files = (
			);
			runOnlyForDeploymentPostprocessing = 0;
		};
/* End PBXFrameworksBuildPhase section */

/* Begin PBXGroup section */
		A0523AF32803E5C10003134D /* DetailsInfo */ = {
			isa = PBXGroup;
			children = (
				A0523AF42803E5C10003134D /* DetailsInfoViewController.swift */,
				A0523AFA2804436C0003134D /* DetailPhotoCell.swift */,
				A0862D73280446BA00C43297 /* DetailsPhotoViewController.swift */,
				A0D029F528046D4C00532309 /* TabBarPhotoController.swift */,
				A0D029F72804779F00532309 /* TabBarGalleryController.swift */,
			);
			path = DetailsInfo;
			sourceTree = "<group>";
		};
		FA311DC527FDE32E002CA5A7 /* CategorizeCity */ = {
			isa = PBXGroup;
			children = (
				FA311DC327FDE32A002CA5A7 /* CategorizeCityViewController.swift */,
			);
			path = CategorizeCity;
			sourceTree = "<group>";
		};
		FAF16DF427F53C5E00D3842F = {
			isa = PBXGroup;
			children = (
				FAF16DFF27F53C5E00D3842F /* mc1project */,
				FAF16E1927F53C6000D3842F /* mc1projectTests */,
				FAF16E2327F53C6000D3842F /* mc1projectUITests */,
				FAF16DFE27F53C5E00D3842F /* Products */,
			);
			sourceTree = "<group>";
		};
		FAF16DFE27F53C5E00D3842F /* Products */ = {
			isa = PBXGroup;
			children = (
				FAF16DFD27F53C5E00D3842F /* mc1project.app */,
				FAF16E1627F53C6000D3842F /* mc1projectTests.xctest */,
				FAF16E2027F53C6000D3842F /* mc1projectUITests.xctest */,
			);
			name = Products;
			sourceTree = "<group>";
		};
		FAF16DFF27F53C5E00D3842F /* mc1project */ = {
			isa = PBXGroup;
			children = (
				FAF16E0027F53C5E00D3842F /* AppDelegate.swift */,
				FAF16E0227F53C5E00D3842F /* SceneDelegate.swift */,
				A0523AF32803E5C10003134D /* DetailsInfo */,
				FAF7CE7927FC7FDA004920B1 /* Homepage */,
				FAF7CE7A27FC800A004920B1 /* DetailIsInfoSwipe */,
				FAF16E0627F53C5E00D3842F /* Main.storyboard */,
				A0862D752804569B00C43297 /* StackViewController.swift */,
				FA311DC527FDE32E002CA5A7 /* CategorizeCity */,
				FAF16E0E27F53C6000D3842F /* LaunchScreen.storyboard */,
				FAF16E0C27F53C6000D3842F /* Assets.xcassets */,
				FAF16E1127F53C6000D3842F /* Info.plist */,
				FAF16E0927F53C5E00D3842F /* mc1project.xcdatamodeld */,
			);
			path = mc1project;
			sourceTree = "<group>";
		};
		FAF16E1927F53C6000D3842F /* mc1projectTests */ = {
			isa = PBXGroup;
			children = (
				FAF16E1A27F53C6000D3842F /* mc1projectTests.swift */,
			);
			path = mc1projectTests;
			sourceTree = "<group>";
		};
		FAF16E2327F53C6000D3842F /* mc1projectUITests */ = {
			isa = PBXGroup;
			children = (
				FAF16E2427F53C6000D3842F /* mc1projectUITests.swift */,
				FAF16E2627F53C6000D3842F /* mc1projectUITestsLaunchTests.swift */,
			);
			path = mc1projectUITests;
			sourceTree = "<group>";
		};
		FAF7CE7927FC7FDA004920B1 /* Homepage */ = {
			isa = PBXGroup;
			children = (
				FAF16E0427F53C5E00D3842F /* ViewController.swift */,
				FACD88EA27FBF57D001D84EB /* TripCell.swift */,
				FACD88EC27FC02F1001D84EB /* ExploreCell.swift */,
			);
			path = Homepage;
			sourceTree = "<group>";
		};
		FAF7CE7A27FC800A004920B1 /* DetailIsInfoSwipe */ = {
			isa = PBXGroup;
			children = (
				FAF7CE7C27FC8081004920B1 /* ListCell.swift */,
				FAF7CE7727FC7DB9004920B1 /* DetailsInfoSwipeViewController.swift */,
				FAF7CE8027FC889D004920B1 /* CardViewController.xib */,
				FAF7CE8227FC8B56004920B1 /* CardViewController.swift */,
			);
			path = DetailIsInfoSwipe;
			sourceTree = "<group>";
		};
/* End PBXGroup section */

/* Begin PBXNativeTarget section */
		FAF16DFC27F53C5E00D3842F /* mc1project */ = {
			isa = PBXNativeTarget;
			buildConfigurationList = FAF16E2A27F53C6000D3842F /* Build configuration list for PBXNativeTarget "mc1project" */;
			buildPhases = (
				FAF16DF927F53C5E00D3842F /* Sources */,
				FAF16DFA27F53C5E00D3842F /* Frameworks */,
				FAF16DFB27F53C5E00D3842F /* Resources */,
			);
			buildRules = (
			);
			dependencies = (
			);
			name = mc1project;
			productName = mc1project;
			productReference = FAF16DFD27F53C5E00D3842F /* mc1project.app */;
			productType = "com.apple.product-type.application";
		};
		FAF16E1527F53C6000D3842F /* mc1projectTests */ = {
			isa = PBXNativeTarget;
			buildConfigurationList = FAF16E2D27F53C6000D3842F /* Build configuration list for PBXNativeTarget "mc1projectTests" */;
			buildPhases = (
				FAF16E1227F53C6000D3842F /* Sources */,
				FAF16E1327F53C6000D3842F /* Frameworks */,
				FAF16E1427F53C6000D3842F /* Resources */,
			);
			buildRules = (
			);
			dependencies = (
				FAF16E1827F53C6000D3842F /* PBXTargetDependency */,
			);
			name = mc1projectTests;
			productName = mc1projectTests;
			productReference = FAF16E1627F53C6000D3842F /* mc1projectTests.xctest */;
			productType = "com.apple.product-type.bundle.unit-test";
		};
		FAF16E1F27F53C6000D3842F /* mc1projectUITests */ = {
			isa = PBXNativeTarget;
			buildConfigurationList = FAF16E3027F53C6000D3842F /* Build configuration list for PBXNativeTarget "mc1projectUITests" */;
			buildPhases = (
				FAF16E1C27F53C6000D3842F /* Sources */,
				FAF16E1D27F53C6000D3842F /* Frameworks */,
				FAF16E1E27F53C6000D3842F /* Resources */,
			);
			buildRules = (
			);
			dependencies = (
				FAF16E2227F53C6000D3842F /* PBXTargetDependency */,
			);
			name = mc1projectUITests;
			productName = mc1projectUITests;
			productReference = FAF16E2027F53C6000D3842F /* mc1projectUITests.xctest */;
			productType = "com.apple.product-type.bundle.ui-testing";
		};
/* End PBXNativeTarget section */

/* Begin PBXProject section */
		FAF16DF527F53C5E00D3842F /* Project object */ = {
			isa = PBXProject;
			attributes = {
				BuildIndependentTargetsInParallel = 1;
				LastSwiftUpdateCheck = 1330;
				LastUpgradeCheck = 1330;
				TargetAttributes = {
					FAF16DFC27F53C5E00D3842F = {
						CreatedOnToolsVersion = 13.3;
					};
					FAF16E1527F53C6000D3842F = {
						CreatedOnToolsVersion = 13.3;
						TestTargetID = FAF16DFC27F53C5E00D3842F;
					};
					FAF16E1F27F53C6000D3842F = {
						CreatedOnToolsVersion = 13.3;
						TestTargetID = FAF16DFC27F53C5E00D3842F;
					};
				};
			};
			buildConfigurationList = FAF16DF827F53C5E00D3842F /* Build configuration list for PBXProject "mc1project" */;
			compatibilityVersion = "Xcode 13.0";
			developmentRegion = en;
			hasScannedForEncodings = 0;
			knownRegions = (
				en,
				Base,
			);
			mainGroup = FAF16DF427F53C5E00D3842F;
			productRefGroup = FAF16DFE27F53C5E00D3842F /* Products */;
			projectDirPath = "";
			projectRoot = "";
			targets = (
				FAF16DFC27F53C5E00D3842F /* mc1project */,
				FAF16E1527F53C6000D3842F /* mc1projectTests */,
				FAF16E1F27F53C6000D3842F /* mc1projectUITests */,
			);
		};
/* End PBXProject section */

/* Begin PBXResourcesBuildPhase section */
		FAF16DFB27F53C5E00D3842F /* Resources */ = {
			isa = PBXResourcesBuildPhase;
			buildActionMask = 2147483647;
			files = (
				FAF7CE8127FC889D004920B1 /* CardViewController.xib in Resources */,
				FAF16E1027F53C6000D3842F /* LaunchScreen.storyboard in Resources */,
				FAF16E0D27F53C6000D3842F /* Assets.xcassets in Resources */,
				FAF16E0827F53C5E00D3842F /* Main.storyboard in Resources */,
			);
			runOnlyForDeploymentPostprocessing = 0;
		};
		FAF16E1427F53C6000D3842F /* Resources */ = {
			isa = PBXResourcesBuildPhase;
			buildActionMask = 2147483647;
			files = (
			);
			runOnlyForDeploymentPostprocessing = 0;
		};
		FAF16E1E27F53C6000D3842F /* Resources */ = {
			isa = PBXResourcesBuildPhase;
			buildActionMask = 2147483647;
			files = (
			);
			runOnlyForDeploymentPostprocessing = 0;
		};
/* End PBXResourcesBuildPhase section */

/* Begin PBXSourcesBuildPhase section */
		FAF16DF927F53C5E00D3842F /* Sources */ = {
			isa = PBXSourcesBuildPhase;
			buildActionMask = 2147483647;
			files = (
				FAF16E0527F53C5E00D3842F /* ViewController.swift in Sources */,
				FAF16E0127F53C5E00D3842F /* AppDelegate.swift in Sources */,
				FAF16E0327F53C5E00D3842F /* SceneDelegate.swift in Sources */,
				A0862D762804569B00C43297 /* StackViewController.swift in Sources */,
				FAF16E0B27F53C5E00D3842F /* mc1project.xcdatamodeld in Sources */,
				FAF7CE7827FC7DB9004920B1 /* DetailsInfoSwipeViewController.swift in Sources */,
				A0523AFB2804436C0003134D /* DetailPhotoCell.swift in Sources */,
				A0862D74280446BA00C43297 /* DetailsPhotoViewController.swift in Sources */,
				A0D029F82804779F00532309 /* TabBarGalleryController.swift in Sources */,
				A0D029F628046D4C00532309 /* TabBarPhotoController.swift in Sources */,
				FAF7CE8327FC8B56004920B1 /* CardViewController.swift in Sources */,
				FA311DC427FDE32A002CA5A7 /* CategorizeCityViewController.swift in Sources */,
				A0523AF72803E5C10003134D /* DetailsInfoViewController.swift in Sources */,
				FAF7CE7D27FC8081004920B1 /* ListCell.swift in Sources */,
				FACD88EB27FBF57D001D84EB /* TripCell.swift in Sources */,
				FACD88ED27FC02F1001D84EB /* ExploreCell.swift in Sources */,
			);
			runOnlyForDeploymentPostprocessing = 0;
		};
		FAF16E1227F53C6000D3842F /* Sources */ = {
			isa = PBXSourcesBuildPhase;
			buildActionMask = 2147483647;
			files = (
				FAF16E1B27F53C6000D3842F /* mc1projectTests.swift in Sources */,
			);
			runOnlyForDeploymentPostprocessing = 0;
		};
		FAF16E1C27F53C6000D3842F /* Sources */ = {
			isa = PBXSourcesBuildPhase;
			buildActionMask = 2147483647;
			files = (
				FAF16E2727F53C6000D3842F /* mc1projectUITestsLaunchTests.swift in Sources */,
				FAF16E2527F53C6000D3842F /* mc1projectUITests.swift in Sources */,
			);
			runOnlyForDeploymentPostprocessing = 0;
		};
/* End PBXSourcesBuildPhase section */

/* Begin PBXTargetDependency section */
		FAF16E1827F53C6000D3842F /* PBXTargetDependency */ = {
			isa = PBXTargetDependency;
			target = FAF16DFC27F53C5E00D3842F /* mc1project */;
			targetProxy = FAF16E1727F53C6000D3842F /* PBXContainerItemProxy */;
		};
		FAF16E2227F53C6000D3842F /* PBXTargetDependency */ = {
			isa = PBXTargetDependency;
			target = FAF16DFC27F53C5E00D3842F /* mc1project */;
			targetProxy = FAF16E2127F53C6000D3842F /* PBXContainerItemProxy */;
		};
/* End PBXTargetDependency section */

/* Begin PBXVariantGroup section */
		FAF16E0627F53C5E00D3842F /* Main.storyboard */ = {
			isa = PBXVariantGroup;
			children = (
				FAF16E0727F53C5E00D3842F /* Base */,
			);
			name = Main.storyboard;
			sourceTree = "<group>";
		};
		FAF16E0E27F53C6000D3842F /* LaunchScreen.storyboard */ = {
			isa = PBXVariantGroup;
			children = (
				FAF16E0F27F53C6000D3842F /* Base */,
			);
			name = LaunchScreen.storyboard;
			sourceTree = "<group>";
		};
/* End PBXVariantGroup section */

/* Begin XCBuildConfiguration section */
		FAF16E2827F53C6000D3842F /* Debug */ = {
			isa = XCBuildConfiguration;
			buildSettings = {
				ALWAYS_SEARCH_USER_PATHS = NO;
				CLANG_ANALYZER_NONNULL = YES;
				CLANG_ANALYZER_NUMBER_OBJECT_CONVERSION = YES_AGGRESSIVE;
				CLANG_CXX_LANGUAGE_STANDARD = "gnu++17";
				CLANG_ENABLE_MODULES = YES;
				CLANG_ENABLE_OBJC_ARC = YES;
				CLANG_ENABLE_OBJC_WEAK = YES;
				CLANG_WARN_BLOCK_CAPTURE_AUTORELEASING = YES;
				CLANG_WARN_BOOL_CONVERSION = YES;
				CLANG_WARN_COMMA = YES;
				CLANG_WARN_CONSTANT_CONVERSION = YES;
				CLANG_WARN_DEPRECATED_OBJC_IMPLEMENTATIONS = YES;
				CLANG_WARN_DIRECT_OBJC_ISA_USAGE = YES_ERROR;
				CLANG_WARN_DOCUMENTATION_COMMENTS = YES;
				CLANG_WARN_EMPTY_BODY = YES;
				CLANG_WARN_ENUM_CONVERSION = YES;
				CLANG_WARN_INFINITE_RECURSION = YES;
				CLANG_WARN_INT_CONVERSION = YES;
				CLANG_WARN_NON_LITERAL_NULL_CONVERSION = YES;
				CLANG_WARN_OBJC_IMPLICIT_RETAIN_SELF = YES;
				CLANG_WARN_OBJC_LITERAL_CONVERSION = YES;
				CLANG_WARN_OBJC_ROOT_CLASS = YES_ERROR;
				CLANG_WARN_QUOTED_INCLUDE_IN_FRAMEWORK_HEADER = YES;
				CLANG_WARN_RANGE_LOOP_ANALYSIS = YES;
				CLANG_WARN_STRICT_PROTOTYPES = YES;
				CLANG_WARN_SUSPICIOUS_MOVE = YES;
				CLANG_WARN_UNGUARDED_AVAILABILITY = YES_AGGRESSIVE;
				CLANG_WARN_UNREACHABLE_CODE = YES;
				CLANG_WARN__DUPLICATE_METHOD_MATCH = YES;
				COPY_PHASE_STRIP = NO;
				DEBUG_INFORMATION_FORMAT = dwarf;
				ENABLE_STRICT_OBJC_MSGSEND = YES;
				ENABLE_TESTABILITY = YES;
				GCC_C_LANGUAGE_STANDARD = gnu11;
				GCC_DYNAMIC_NO_PIC = NO;
				GCC_NO_COMMON_BLOCKS = YES;
				GCC_OPTIMIZATION_LEVEL = 0;
				GCC_PREPROCESSOR_DEFINITIONS = (
					"DEBUG=1",
					"$(inherited)",
				);
				GCC_WARN_64_TO_32_BIT_CONVERSION = YES;
				GCC_WARN_ABOUT_RETURN_TYPE = YES_ERROR;
				GCC_WARN_UNDECLARED_SELECTOR = YES;
				GCC_WARN_UNINITIALIZED_AUTOS = YES_AGGRESSIVE;
				GCC_WARN_UNUSED_FUNCTION = YES;
				GCC_WARN_UNUSED_VARIABLE = YES;
				IPHONEOS_DEPLOYMENT_TARGET = 15.4;
				MTL_ENABLE_DEBUG_INFO = INCLUDE_SOURCE;
				MTL_FAST_MATH = YES;
				ONLY_ACTIVE_ARCH = YES;
				SDKROOT = iphoneos;
				SWIFT_ACTIVE_COMPILATION_CONDITIONS = DEBUG;
				SWIFT_OPTIMIZATION_LEVEL = "-Onone";
			};
			name = Debug;
		};
		FAF16E2927F53C6000D3842F /* Release */ = {
			isa = XCBuildConfiguration;
			buildSettings = {
				ALWAYS_SEARCH_USER_PATHS = NO;
				CLANG_ANALYZER_NONNULL = YES;
				CLANG_ANALYZER_NUMBER_OBJECT_CONVERSION = YES_AGGRESSIVE;
				CLANG_CXX_LANGUAGE_STANDARD = "gnu++17";
				CLANG_ENABLE_MODULES = YES;
				CLANG_ENABLE_OBJC_ARC = YES;
				CLANG_ENABLE_OBJC_WEAK = YES;
				CLANG_WARN_BLOCK_CAPTURE_AUTORELEASING = YES;
				CLANG_WARN_BOOL_CONVERSION = YES;
				CLANG_WARN_COMMA = YES;
				CLANG_WARN_CONSTANT_CONVERSION = YES;
				CLANG_WARN_DEPRECATED_OBJC_IMPLEMENTATIONS = YES;
				CLANG_WARN_DIRECT_OBJC_ISA_USAGE = YES_ERROR;
				CLANG_WARN_DOCUMENTATION_COMMENTS = YES;
				CLANG_WARN_EMPTY_BODY = YES;
				CLANG_WARN_ENUM_CONVERSION = YES;
				CLANG_WARN_INFINITE_RECURSION = YES;
				CLANG_WARN_INT_CONVERSION = YES;
				CLANG_WARN_NON_LITERAL_NULL_CONVERSION = YES;
				CLANG_WARN_OBJC_IMPLICIT_RETAIN_SELF = YES;
				CLANG_WARN_OBJC_LITERAL_CONVERSION = YES;
				CLANG_WARN_OBJC_ROOT_CLASS = YES_ERROR;
				CLANG_WARN_QUOTED_INCLUDE_IN_FRAMEWORK_HEADER = YES;
				CLANG_WARN_RANGE_LOOP_ANALYSIS = YES;
				CLANG_WARN_STRICT_PROTOTYPES = YES;
				CLANG_WARN_SUSPICIOUS_MOVE = YES;
				CLANG_WARN_UNGUARDED_AVAILABILITY = YES_AGGRESSIVE;
				CLANG_WARN_UNREACHABLE_CODE = YES;
				CLANG_WARN__DUPLICATE_METHOD_MATCH = YES;
				COPY_PHASE_STRIP = NO;
				DEBUG_INFORMATION_FORMAT = "dwarf-with-dsym";
				ENABLE_NS_ASSERTIONS = NO;
				ENABLE_STRICT_OBJC_MSGSEND = YES;
				GCC_C_LANGUAGE_STANDARD = gnu11;
				GCC_NO_COMMON_BLOCKS = YES;
				GCC_WARN_64_TO_32_BIT_CONVERSION = YES;
				GCC_WARN_ABOUT_RETURN_TYPE = YES_ERROR;
				GCC_WARN_UNDECLARED_SELECTOR = YES;
				GCC_WARN_UNINITIALIZED_AUTOS = YES_AGGRESSIVE;
				GCC_WARN_UNUSED_FUNCTION = YES;
				GCC_WARN_UNUSED_VARIABLE = YES;
				IPHONEOS_DEPLOYMENT_TARGET = 15.4;
				MTL_ENABLE_DEBUG_INFO = NO;
				MTL_FAST_MATH = YES;
				SDKROOT = iphoneos;
				SWIFT_COMPILATION_MODE = wholemodule;
				SWIFT_OPTIMIZATION_LEVEL = "-O";
				VALIDATE_PRODUCT = YES;
			};
			name = Release;
		};
		FAF16E2B27F53C6000D3842F /* Debug */ = {
			isa = XCBuildConfiguration;
			buildSettings = {
				ASSETCATALOG_COMPILER_APPICON_NAME = AppIcon;
				ASSETCATALOG_COMPILER_GLOBAL_ACCENT_COLOR_NAME = AccentColor;
				CODE_SIGN_STYLE = Automatic;
				CURRENT_PROJECT_VERSION = 1;
				DEVELOPMENT_TEAM = "";
				GENERATE_INFOPLIST_FILE = YES;
				INFOPLIST_FILE = mc1project/Info.plist;
				INFOPLIST_KEY_UIApplicationSupportsIndirectInputEvents = YES;
				INFOPLIST_KEY_UILaunchStoryboardName = LaunchScreen;
				INFOPLIST_KEY_UIMainStoryboardFile = Main;
				INFOPLIST_KEY_UISupportedInterfaceOrientations_iPad = "UIInterfaceOrientationPortrait UIInterfaceOrientationPortraitUpsideDown UIInterfaceOrientationLandscapeLeft UIInterfaceOrientationLandscapeRight";
				INFOPLIST_KEY_UISupportedInterfaceOrientations_iPhone = "UIInterfaceOrientationPortrait UIInterfaceOrientationLandscapeLeft UIInterfaceOrientationLandscapeRight";
				LD_RUNPATH_SEARCH_PATHS = (
					"$(inherited)",
					"@executable_path/Frameworks",
				);
				MARKETING_VERSION = 1.0;
				PRODUCT_BUNDLE_IDENTIFIER = com.mc1group14morning.mc1project;
				PRODUCT_NAME = "$(TARGET_NAME)";
				SWIFT_EMIT_LOC_STRINGS = YES;
				SWIFT_VERSION = 5.0;
				TARGETED_DEVICE_FAMILY = "1,2";
			};
			name = Debug;
		};
		FAF16E2C27F53C6000D3842F /* Release */ = {
			isa = XCBuildConfiguration;
			buildSettings = {
				ASSETCATALOG_COMPILER_APPICON_NAME = AppIcon;
				ASSETCATALOG_COMPILER_GLOBAL_ACCENT_COLOR_NAME = AccentColor;
				CODE_SIGN_STYLE = Automatic;
				CURRENT_PROJECT_VERSION = 1;
				DEVELOPMENT_TEAM = "";
				GENERATE_INFOPLIST_FILE = YES;
				INFOPLIST_FILE = mc1project/Info.plist;
				INFOPLIST_KEY_UIApplicationSupportsIndirectInputEvents = YES;
				INFOPLIST_KEY_UILaunchStoryboardName = LaunchScreen;
				INFOPLIST_KEY_UIMainStoryboardFile = Main;
				INFOPLIST_KEY_UISupportedInterfaceOrientations_iPad = "UIInterfaceOrientationPortrait UIInterfaceOrientationPortraitUpsideDown UIInterfaceOrientationLandscapeLeft UIInterfaceOrientationLandscapeRight";
				INFOPLIST_KEY_UISupportedInterfaceOrientations_iPhone = "UIInterfaceOrientationPortrait UIInterfaceOrientationLandscapeLeft UIInterfaceOrientationLandscapeRight";
				LD_RUNPATH_SEARCH_PATHS = (
					"$(inherited)",
					"@executable_path/Frameworks",
				);
				MARKETING_VERSION = 1.0;
				PRODUCT_BUNDLE_IDENTIFIER = com.mc1group14morning.mc1project;
				PRODUCT_NAME = "$(TARGET_NAME)";
				SWIFT_EMIT_LOC_STRINGS = YES;
				SWIFT_VERSION = 5.0;
				TARGETED_DEVICE_FAMILY = "1,2";
			};
			name = Release;
		};
		FAF16E2E27F53C6000D3842F /* Debug */ = {
			isa = XCBuildConfiguration;
			buildSettings = {
				ALWAYS_EMBED_SWIFT_STANDARD_LIBRARIES = YES;
				BUNDLE_LOADER = "$(TEST_HOST)";
				CODE_SIGN_STYLE = Automatic;
				CURRENT_PROJECT_VERSION = 1;
				DEVELOPMENT_TEAM = AZQ73MXTBD;
				GENERATE_INFOPLIST_FILE = YES;
				IPHONEOS_DEPLOYMENT_TARGET = 15.4;
				MARKETING_VERSION = 1.0;
				PRODUCT_BUNDLE_IDENTIFIER = com.mc1group14morning.mc1projectTests;
				PRODUCT_NAME = "$(TARGET_NAME)";
				SWIFT_EMIT_LOC_STRINGS = NO;
				SWIFT_VERSION = 5.0;
				TARGETED_DEVICE_FAMILY = "1,2";
				TEST_HOST = "$(BUILT_PRODUCTS_DIR)/mc1project.app/mc1project";
			};
			name = Debug;
		};
		FAF16E2F27F53C6000D3842F /* Release */ = {
			isa = XCBuildConfiguration;
			buildSettings = {
				ALWAYS_EMBED_SWIFT_STANDARD_LIBRARIES = YES;
				BUNDLE_LOADER = "$(TEST_HOST)";
				CODE_SIGN_STYLE = Automatic;
				CURRENT_PROJECT_VERSION = 1;
				DEVELOPMENT_TEAM = AZQ73MXTBD;
				GENERATE_INFOPLIST_FILE = YES;
				IPHONEOS_DEPLOYMENT_TARGET = 15.4;
				MARKETING_VERSION = 1.0;
				PRODUCT_BUNDLE_IDENTIFIER = com.mc1group14morning.mc1projectTests;
				PRODUCT_NAME = "$(TARGET_NAME)";
				SWIFT_EMIT_LOC_STRINGS = NO;
				SWIFT_VERSION = 5.0;
				TARGETED_DEVICE_FAMILY = "1,2";
				TEST_HOST = "$(BUILT_PRODUCTS_DIR)/mc1project.app/mc1project";
			};
			name = Release;
		};
		FAF16E3127F53C6000D3842F /* Debug */ = {
			isa = XCBuildConfiguration;
			buildSettings = {
				ALWAYS_EMBED_SWIFT_STANDARD_LIBRARIES = YES;
				CODE_SIGN_STYLE = Automatic;
				CURRENT_PROJECT_VERSION = 1;
				DEVELOPMENT_TEAM = AZQ73MXTBD;
				GENERATE_INFOPLIST_FILE = YES;
				MARKETING_VERSION = 1.0;
				PRODUCT_BUNDLE_IDENTIFIER = com.mc1group14morning.mc1projectUITests;
				PRODUCT_NAME = "$(TARGET_NAME)";
				SWIFT_EMIT_LOC_STRINGS = NO;
				SWIFT_VERSION = 5.0;
				TARGETED_DEVICE_FAMILY = "1,2";
				TEST_TARGET_NAME = mc1project;
			};
			name = Debug;
		};
		FAF16E3227F53C6000D3842F /* Release */ = {
			isa = XCBuildConfiguration;
			buildSettings = {
				ALWAYS_EMBED_SWIFT_STANDARD_LIBRARIES = YES;
				CODE_SIGN_STYLE = Automatic;
				CURRENT_PROJECT_VERSION = 1;
				DEVELOPMENT_TEAM = AZQ73MXTBD;
				GENERATE_INFOPLIST_FILE = YES;
				MARKETING_VERSION = 1.0;
				PRODUCT_BUNDLE_IDENTIFIER = com.mc1group14morning.mc1projectUITests;
				PRODUCT_NAME = "$(TARGET_NAME)";
				SWIFT_EMIT_LOC_STRINGS = NO;
				SWIFT_VERSION = 5.0;
				TARGETED_DEVICE_FAMILY = "1,2";
				TEST_TARGET_NAME = mc1project;
			};
			name = Release;
		};
/* End XCBuildConfiguration section */

/* Begin XCConfigurationList section */
		FAF16DF827F53C5E00D3842F /* Build configuration list for PBXProject "mc1project" */ = {
			isa = XCConfigurationList;
			buildConfigurations = (
				FAF16E2827F53C6000D3842F /* Debug */,
				FAF16E2927F53C6000D3842F /* Release */,
			);
			defaultConfigurationIsVisible = 0;
			defaultConfigurationName = Release;
		};
		FAF16E2A27F53C6000D3842F /* Build configuration list for PBXNativeTarget "mc1project" */ = {
			isa = XCConfigurationList;
			buildConfigurations = (
				FAF16E2B27F53C6000D3842F /* Debug */,
				FAF16E2C27F53C6000D3842F /* Release */,
			);
			defaultConfigurationIsVisible = 0;
			defaultConfigurationName = Release;
		};
		FAF16E2D27F53C6000D3842F /* Build configuration list for PBXNativeTarget "mc1projectTests" */ = {
			isa = XCConfigurationList;
			buildConfigurations = (
				FAF16E2E27F53C6000D3842F /* Debug */,
				FAF16E2F27F53C6000D3842F /* Release */,
			);
			defaultConfigurationIsVisible = 0;
			defaultConfigurationName = Release;
		};
		FAF16E3027F53C6000D3842F /* Build configuration list for PBXNativeTarget "mc1projectUITests" */ = {
			isa = XCConfigurationList;
			buildConfigurations = (
				FAF16E3127F53C6000D3842F /* Debug */,
				FAF16E3227F53C6000D3842F /* Release */,
			);
			defaultConfigurationIsVisible = 0;
			defaultConfigurationName = Release;
		};
/* End XCConfigurationList section */

/* Begin XCVersionGroup section */
		FAF16E0927F53C5E00D3842F /* mc1project.xcdatamodeld */ = {
			isa = XCVersionGroup;
			children = (
				FAF16E0A27F53C5E00D3842F /* mc1project.xcdatamodel */,
			);
			currentVersion = FAF16E0A27F53C5E00D3842F /* mc1project.xcdatamodel */;
			path = mc1project.xcdatamodeld;
			sourceTree = "<group>";
			versionGroupType = wrapper.xcdatamodel;
		};
/* End XCVersionGroup section */
	};
	rootObject = FAF16DF527F53C5E00D3842F /* Project object */;
}
